
Microsoft Visual Studio Solution File, Format Version 12.00
# Visual Studio Version 16
VisualStudioVersion = 16.0.30128.74
MinimumVisualStudioVersion = 10.0.40219.1
Project("{FAE04EC0-301F-11D3-BF4B-00C04F79EFBC}") = "Movie_Origination_System_Mvc", "Movie_Origination_System_Mvc\Movie_Origination_System_Mvc.csproj", "{0403AB5B-9435-453A-AB99-DA58A49B5200}"
EndProject
Global
	GlobalSection(SolutionConfigurationPlatforms) = preSolution
		Debug|Any CPU = Debug|Any CPU
		Release|Any CPU = Release|Any CPU
	EndGlobalSection
	GlobalSection(ProjectConfigurationPlatforms) = postSolution
		{0403AB5B-9435-453A-AB99-DA58A49B5200}.Debug|Any CPU.ActiveCfg = Debug|Any CPU
		{0403AB5B-9435-453A-AB99-DA58A49B5200}.Debug|Any CPU.Build.0 = Debug|Any CPU
		{0403AB5B-9435-453A-AB99-DA58A49B5200}.Release|Any CPU.ActiveCfg = Release|Any CPU
		{0403AB5B-9435-453A-AB99-DA58A49B5200}.Release|Any CPU.Build.0 = Release|Any CPU
	EndGlobalSection
	GlobalSection(SolutionProperties) = preSolution
		HideSolutionNode = FALSE
	EndGlobalSection
	GlobalSection(ExtensibilityGlobals) = postSolution
		SolutionGuid = {C65A4DC5-C37B-43CD-B7AF-E78678CAC359}
	EndGlobalSection
EndGlobal
